lockfileVersion: "9.0"

settings:
  autoInstallPeers: true
  excludeLinksFromLockfile: false

importers:
  .:
    dependencies:
      "@mysten/sui":
        specifier: ^2.6.0
        version: 2.6.0(typescript@5.9.3)
      dotenv:
        specifier: ^16.6.1
        version: 16.6.1
      serialport:
        specifier: ^12.0.0
        version: 12.0.0
    devDependencies:
      "@types/node":
        specifier: ^20.19.37
        version: 20.19.37
      tsx:
        specifier: ^4.21.0
        version: 4.21.0
      typescript:
        specifier: ^5.9.3
        version: 5.9.3

packages:
  "@0no-co/graphql.web@1.2.0":
    resolution:
      {
        integrity: sha512-/1iHy9TTr63gE1YcR5idjx8UREz1s0kFhydf3bBLCXyqjhkIc6igAzTOx3zPifCwFR87tsh/4Pa9cNts6d2otw==,
      }
    peerDependencies:
      graphql: ^14.0.0 || ^15.0.0 || ^16.0.0
    peerDependenciesMeta:
      graphql:
        optional: true

  "@0no-co/graphqlsp@1.15.2":
    resolution:
      {
        integrity: sha512-Ys031WnS3sTQQBtRTkQsYnw372OlW72ais4sp0oh2UMPRNyxxnq85zRfU4PIdoy9kWriysPT5BYAkgIxhbonFA==,
      }
    peerDependencies:
      graphql: ^15.5.0 || ^16.0.0 || ^17.0.0
      typescript: ^5.0.0

  "@esbuild/aix-ppc64@0.27.3":
    resolution:
      {
        integrity: sha512-9fJMTNFTWZMh5qwrBItuziu834eOCUcEqymSH7pY+zoMVEZg3gcPuBNxH1EvfVYe9h0x/Ptw8KBzv7qxb7l8dg==,
      }
    engines: { node: ">=18" }
    cpu: [ppc64]
    os: [aix]

  "@esbuild/android-arm64@0.27.3":
    resolution:
      {
        integrity: sha512-YdghPYUmj/FX2SYKJ0OZxf+iaKgMsKHVPF1MAq/P8WirnSpCStzKJFjOjzsW0QQ7oIAiccHdcqjbHmJxRb/dmg==,
      }
    engines: { node: ">=18" }
    cpu: [arm64]
    os: [android]

  "@esbuild/android-arm@0.27.3":
    resolution:
      {
        integrity: sha512-i5D1hPY7GIQmXlXhs2w8AWHhenb00+GxjxRncS2ZM7YNVGNfaMxgzSGuO8o8SJzRc/oZwU2bcScvVERk03QhzA==,
      }
    engines: { node: ">=18" }
    cpu: [arm]
    os: [android]

  "@esbuild/android-x64@0.27.3":
    resolution:
      {
        integrity: sha512-IN/0BNTkHtk8lkOM8JWAYFg4ORxBkZQf9zXiEOfERX/CzxW3Vg1ewAhU7QSWQpVIzTW+b8Xy+lGzdYXV6UZObQ==,
      }
    engines: { node: ">=18" }
    cpu: [x64]
    os: [android]

  "@esbuild/darwin-arm64@0.27.3":
    resolution:
      {
        integrity: sha512-Re491k7ByTVRy0t3EKWajdLIr0gz2kKKfzafkth4Q8A5n1xTHrkqZgLLjFEHVD+AXdUGgQMq+Godfq45mGpCKg==,
      }
    engines: { node: ">=18" }
    cpu: [arm64]
    os: [darwin]

  "@esbuild/darwin-x64@0.27.3":
    resolution:
      {
        integrity: sha512-vHk/hA7/1AckjGzRqi6wbo+jaShzRowYip6rt6q7VYEDX4LEy1pZfDpdxCBnGtl+A5zq8iXDcyuxwtv3hNtHFg==,
      }
    engines: { node: ">=18" }
    cpu: [x64]
    os: [darwin]

  "@esbuild/freebsd-arm64@0.27.3":
    resolution:
      {
        integrity: sha512-ipTYM2fjt3kQAYOvo6vcxJx3nBYAzPjgTCk7QEgZG8AUO3ydUhvelmhrbOheMnGOlaSFUoHXB6un+A7q4ygY9w==,
      }
    engines: { node: ">=18" }
    cpu: [arm64]
    os: [freebsd]

  "@esbuild/freebsd-x64@0.27.3":
    resolution:
      {
        integrity: sha512-dDk0X87T7mI6U3K9VjWtHOXqwAMJBNN2r7bejDsc+j03SEjtD9HrOl8gVFByeM0aJksoUuUVU9TBaZa2rgj0oA==,
      }
    engines: { node: ">=18" }
    cpu: [x64]
    os: [freebsd]

  "@esbuild/linux-arm64@0.27.3":
    resolution:
      {
        integrity: sha512-sZOuFz/xWnZ4KH3YfFrKCf1WyPZHakVzTiqji3WDc0BCl2kBwiJLCXpzLzUBLgmp4veFZdvN5ChW4Eq/8Fc2Fg==,
      }
    engines: { node: ">=18" }
    cpu: [arm64]
    os: [linux]

  "@esbuild/linux-arm@0.27.3":
    resolution:
      {
        integrity: sha512-s6nPv2QkSupJwLYyfS+gwdirm0ukyTFNl3KTgZEAiJDd+iHZcbTPPcWCcRYH+WlNbwChgH2QkE9NSlNrMT8Gfw==,
      }
    engines: { node: ">=18" }
    cpu: [arm]
    os: [linux]

  "@esbuild/linux-ia32@0.27.3":
    resolution:
      {
        integrity: sha512-yGlQYjdxtLdh0a3jHjuwOrxQjOZYD/C9PfdbgJJF3TIZWnm/tMd/RcNiLngiu4iwcBAOezdnSLAwQDPqTmtTYg==,
      }
    engines: { node: ">=18" }
    cpu: [ia32]
    os: [linux]

  "@esbuild/linux-loong64@0.27.3":
    resolution:
      {
        integrity: sha512-WO60Sn8ly3gtzhyjATDgieJNet/KqsDlX5nRC5Y3oTFcS1l0KWba+SEa9Ja1GfDqSF1z6hif/SkpQJbL63cgOA==,
      }
    engines: { node: ">=18" }
    cpu: [loong64]
    os: [linux]

  "@esbuild/linux-mips64el@0.27.3":
    resolution:
      {
        integrity: sha512-APsymYA6sGcZ4pD6k+UxbDjOFSvPWyZhjaiPyl/f79xKxwTnrn5QUnXR5prvetuaSMsb4jgeHewIDCIWljrSxw==,
      }
    engines: { node: ">=18" }
    cpu: [mips64el]
    os: [linux]

  "@esbuild/linux-ppc64@0.27.3":
    resolution:
      {
        integrity: sha512-eizBnTeBefojtDb9nSh4vvVQ3V9Qf9Df01PfawPcRzJH4gFSgrObw+LveUyDoKU3kxi5+9RJTCWlj4FjYXVPEA==,
      }
    engines: { node: ">=18" }
    cpu: [ppc64]
    os: [linux]

  "@esbuild/linux-riscv64@0.27.3":
    resolution:
      {
        integrity: sha512-3Emwh0r5wmfm3ssTWRQSyVhbOHvqegUDRd0WhmXKX2mkHJe1SFCMJhagUleMq+Uci34wLSipf8Lagt4LlpRFWQ==,
      }
    engines: { node: ">=18" }
    cpu: [riscv64]
    os: [linux]

  "@esbuild/linux-s390x@0.27.3":
    resolution:
      {
        integrity: sha512-pBHUx9LzXWBc7MFIEEL0yD/ZVtNgLytvx60gES28GcWMqil8ElCYR4kvbV2BDqsHOvVDRrOxGySBM9Fcv744hw==,
      }
    engines: { node: ">=18" }
    cpu: [s390x]
    os: [linux]

  "@esbuild/linux-x64@0.27.3":
    resolution:
      {
        integrity: sha512-Czi8yzXUWIQYAtL/2y6vogER8pvcsOsk5cpwL4Gk5nJqH5UZiVByIY8Eorm5R13gq+DQKYg0+JyQoytLQas4dA==,
      }
    engines: { node: ">=18" }
    cpu: [x64]
    os: [linux]

  "@esbuild/netbsd-arm64@0.27.3":
    resolution:
      {
        integrity: sha512-sDpk0RgmTCR/5HguIZa9n9u+HVKf40fbEUt+iTzSnCaGvY9kFP0YKBWZtJaraonFnqef5SlJ8/TiPAxzyS+UoA==,
      }
    engines: { node: ">=18" }
    cpu: [arm64]
    os: [netbsd]

  "@esbuild/netbsd-x64@0.27.3":
    resolution:
      {
        integrity: sha512-P14lFKJl/DdaE00LItAukUdZO5iqNH7+PjoBm+fLQjtxfcfFE20Xf5CrLsmZdq5LFFZzb5JMZ9grUwvtVYzjiA==,
      }
    engines: { node: ">=18" }
    cpu: [x64]
    os: [netbsd]

  "@esbuild/openbsd-arm64@0.27.3":
    resolution:
      {
        integrity: sha512-AIcMP77AvirGbRl/UZFTq5hjXK+2wC7qFRGoHSDrZ5v5b8DK/GYpXW3CPRL53NkvDqb9D+alBiC/dV0Fb7eJcw==,
      }
    engines: { node: ">=18" }
    cpu: [arm64]
    os: [openbsd]

  "@esbuild/openbsd-x64@0.27.3":
    resolution:
      {
        integrity: sha512-DnW2sRrBzA+YnE70LKqnM3P+z8vehfJWHXECbwBmH/CU51z6FiqTQTHFenPlHmo3a8UgpLyH3PT+87OViOh1AQ==,
      }
    engines: { node: ">=18" }
    cpu: [x64]
    os: [openbsd]

  "@esbuild/openharmony-arm64@0.27.3":
    resolution:
      {
        integrity: sha512-NinAEgr/etERPTsZJ7aEZQvvg/A6IsZG/LgZy+81wON2huV7SrK3e63dU0XhyZP4RKGyTm7aOgmQk0bGp0fy2g==,
      }
    engines: { node: ">=18" }
    cpu: [arm64]
    os: [openharmony]

  "@esbuild/sunos-x64@0.27.3":
    resolution:
      {
        integrity: sha512-PanZ+nEz+eWoBJ8/f8HKxTTD172SKwdXebZ0ndd953gt1HRBbhMsaNqjTyYLGLPdoWHy4zLU7bDVJztF5f3BHA==,
      }
    engines: { node: ">=18" }
    cpu: [x64]
    os: [sunos]

  "@esbuild/win32-arm64@0.27.3":
    resolution:
      {
        integrity: sha512-B2t59lWWYrbRDw/tjiWOuzSsFh1Y/E95ofKz7rIVYSQkUYBjfSgf6oeYPNWHToFRr2zx52JKApIcAS/D5TUBnA==,
      }
    engines: { node: ">=18" }
    cpu: [arm64]
    os: [win32]

  "@esbuild/win32-ia32@0.27.3":
    resolution:
      {
        integrity: sha512-QLKSFeXNS8+tHW7tZpMtjlNb7HKau0QDpwm49u0vUp9y1WOF+PEzkU84y9GqYaAVW8aH8f3GcBck26jh54cX4Q==,
      }
    engines: { node: ">=18" }
    cpu: [ia32]
    os: [win32]

  "@esbuild/win32-x64@0.27.3":
    resolution:
      {
        integrity: sha512-4uJGhsxuptu3OcpVAzli+/gWusVGwZZHTlS63hh++ehExkVT8SgiEf7/uC/PclrPPkLhZqGgCTjd0VWLo6xMqA==,
      }
    engines: { node: ">=18" }
    cpu: [x64]
    os: [win32]

  "@gql.tada/cli-utils@1.7.2":
    resolution:
      {
        integrity: sha512-Qbc7hbLvCz6IliIJpJuKJa9p05b2Jona7ov7+qofCsMRxHRZE1kpAmZMvL8JCI4c0IagpIlWNaMizXEQUe8XjQ==,
      }
    peerDependencies:
      "@0no-co/graphqlsp": ^1.12.13
      "@gql.tada/svelte-support": 1.0.1
      "@gql.tada/vue-support": 1.0.1
      graphql: ^15.5.0 || ^16.0.0 || ^17.0.0
      typescript: ^5.0.0
    peerDependenciesMeta:
      "@gql.tada/svelte-support":
        optional: true
      "@gql.tada/vue-support":
        optional: true

  "@gql.tada/internal@1.0.8":
    resolution:
      {
        integrity: sha512-XYdxJhtHC5WtZfdDqtKjcQ4d7R1s0d1rnlSs3OcBEUbYiPoJJfZU7tWsVXuv047Z6msvmr4ompJ7eLSK5Km57g==,
      }
    peerDependencies:
      graphql: ^15.5.0 || ^16.0.0 || ^17.0.0
      typescript: ^5.0.0

  "@graphql-typed-document-node/core@3.2.0":
    resolution:
      {
        integrity: sha512-mB9oAsNCm9aM3/SOv4YtBMqZbYj10R7dkq8byBqxGY/ncFwhf2oQzMV+LCRlWoDSEBJ3COiR1yeDvMtsoOsuFQ==,
      }
    peerDependencies:
      graphql: ^0.8.0 || ^0.9.0 || ^0.10.0 || ^0.11.0 || ^0.12.0 || ^0.13.0 || ^14.0.0 || ^15.0.0 || ^16.0.0 || ^17.0.0

  "@mysten/bcs@2.0.2":
    resolution:
      {
        integrity: sha512-c/nVRPJEV1fRZdKXhysVsy/yCPdiFt7jn6A4/7W2LH1ZPSVPzRkxtLY362D0zaLuBnyT5Y9d9nFLm3ixI8Goug==,
      }

  "@mysten/sui@2.6.0":
    resolution:
      {
        integrity: sha512-Dp3z7mDuUCXGgldQ3/AtC1iDiK48XTuAi//fPrHdxEaMl+f5VLjbYtB+mlKNC1SVYLKOUjTeF/RA9qfEBY++pA==,
      }
    engines: { node: ">=22" }

  "@mysten/utils@0.3.1":
    resolution:
      {
        integrity: sha512-36KhxG284uhDdSnlkyNaS6fzKTX9FpP2WQWOwUKIRsqQFFIm2ooCf2TP1IuqrtMpkairwpiWkAS0eg7cpemVzg==,
      }

  "@noble/curves@2.0.1":
    resolution:
      {
        integrity: sha512-vs1Az2OOTBiP4q0pwjW5aF0xp9n4MxVrmkFBxc6EKZc6ddYx5gaZiAsZoq0uRRXWbi3AT/sBqn05eRPtn1JCPw==,
      }
    engines: { node: ">= 20.19.0" }

  "@noble/hashes@2.0.1":
    resolution:
      {
        integrity: sha512-XlOlEbQcE9fmuXxrVTXCTlG2nlRXa9Rj3rr5Ue/+tX+nmkgbX720YHh0VR3hBF9xDvwnb8D2shVGOwNx+ulArw==,
      }
    engines: { node: ">= 20.19.0" }

  "@protobuf-ts/grpcweb-transport@2.11.1":
    resolution:
      {
        integrity: sha512-1W4utDdvOB+RHMFQ0soL4JdnxjXV+ddeGIUg08DvZrA8Ms6k5NN6GBFU2oHZdTOcJVpPrDJ02RJlqtaoCMNBtw==,
      }

  "@protobuf-ts/runtime-rpc@2.11.1":
    resolution:
      {
        integrity: sha512-4CqqUmNA+/uMz00+d3CYKgElXO9VrEbucjnBFEjqI4GuDrEQ32MaI3q+9qPBvIGOlL4PmHXrzM32vBPWRhQKWQ==,
      }

  "@protobuf-ts/runtime@2.11.1":
    resolution:
      {
        integrity: sha512-KuDaT1IfHkugM2pyz+FwiY80ejWrkH1pAtOBOZFuR6SXEFTsnb/jiQWQ1rCIrcKx2BtyxnxW6BWwsVSA/Ie+WQ==,
      }

  "@scure/base@2.0.0":
    resolution:
      {
        integrity: sha512-3E1kpuZginKkek01ovG8krQ0Z44E3DHPjc5S2rjJw9lZn3KSQOs8S7wqikF/AH7iRanHypj85uGyxk0XAyC37w==,
      }

  "@scure/bip32@2.0.1":
    resolution:
      {
        integrity: sha512-4Md1NI5BzoVP+bhyJaY3K6yMesEFzNS1sE/cP+9nuvE7p/b0kx9XbpDHHFl8dHtufcbdHRUUQdRqLIPHN/s7yA==,
      }

  "@scure/bip39@2.0.1":
    resolution:
      {
        integrity: sha512-PsxdFj/d2AcJcZDX1FXN3dDgitDDTmwf78rKZq1a6c1P1Nan1X/Sxc7667zU3U+AN60g7SxxP0YCVw2H/hBycg==,
      }

  "@serialport/binding-mock@10.2.2":
    resolution:
      {
        integrity: sha512-HAFzGhk9OuFMpuor7aT5G1ChPgn5qSsklTFOTUX72Rl6p0xwcSVsRtG/xaGp6bxpN7fI9D/S8THLBWbBgS6ldw==,
      }
    engines: { node: ">=12.0.0" }

  "@serialport/bindings-cpp@12.0.1":
    resolution:
      {
        integrity: sha512-r2XOwY2dDvbW7dKqSPIk2gzsr6M6Qpe9+/Ngs94fNaNlcTRCV02PfaoDmRgcubpNVVcLATlxSxPTIDw12dbKOg==,
      }
    engines: { node: ">=16.0.0" }

  "@serialport/bindings-interface@1.2.2":
    resolution:
      {
        integrity: sha512-CJaUd5bLvtM9c5dmO9rPBHPXTa9R2UwpkJ0wdh9JCYcbrPWsKz+ErvR0hBLeo7NPeiFdjFO4sonRljiw4d2XiA==,
      }
    engines: { node: ^12.22 || ^14.13 || >=16 }

  "@serialport/parser-byte-length@12.0.0":
    resolution:
      {
        integrity: sha512-0ei0txFAj+s6FTiCJFBJ1T2hpKkX8Md0Pu6dqMrYoirjPskDLJRgZGLqoy3/lnU1bkvHpnJO+9oJ3PB9v8rNlg==,
      }
    engines: { node: ">=12.0.0" }

  "@serialport/parser-cctalk@12.0.0":
    resolution:
      {
        integrity: sha512-0PfLzO9t2X5ufKuBO34DQKLXrCCqS9xz2D0pfuaLNeTkyGUBv426zxoMf3rsMRodDOZNbFblu3Ae84MOQXjnZw==,
      }
    engines: { node: ">=12.0.0" }

  "@serialport/parser-delimiter@11.0.0":
    resolution:
      {
        integrity: sha512-aZLJhlRTjSmEwllLG7S4J8s8ctRAS0cbvCpO87smLvl3e4BgzbVgF6Z6zaJd3Aji2uSiYgfedCdNc4L6W+1E2g==,
      }
    engines: { node: ">=12.0.0" }

  "@serialport/parser-delimiter@12.0.0":
    resolution:
      {
        integrity: sha512-gu26tVt5lQoybhorLTPsH2j2LnX3AOP2x/34+DUSTNaUTzu2fBXw+isVjQJpUBFWu6aeQRZw5bJol5X9Gxjblw==,
      }
    engines: { node: ">=12.0.0" }

  "@serialport/parser-inter-byte-timeout@12.0.0":
    resolution:
      {
        integrity: sha512-GnCh8K0NAESfhCuXAt+FfBRz1Cf9CzIgXfp7SdMgXwrtuUnCC/yuRTUFWRvuzhYKoAo1TL0hhUo77SFHUH1T/w==,
      }
    engines: { node: ">=12.0.0" }

  "@serialport/parser-packet-length@12.0.0":
    resolution:
      {
        integrity: sha512-p1hiCRqvGHHLCN/8ZiPUY/G0zrxd7gtZs251n+cfNTn+87rwcdUeu9Dps3Aadx30/sOGGFL6brIRGK4l/t7MuQ==,
      }
    engines: { node: ">=8.6.0" }

  "@serialport/parser-readline@11.0.0":
    resolution:
      {
        integrity: sha512-rRAivhRkT3YO28WjmmG4FQX6L+KMb5/ikhyylRfzWPw0nSXy97+u07peS9CbHqaNvJkMhH1locp2H36aGMOEIA==,
      }
    engines: { node: ">=12.0.0" }

  "@serialport/parser-readline@12.0.0":
    resolution:
      {
        integrity: sha512-O7cywCWC8PiOMvo/gglEBfAkLjp/SENEML46BXDykfKP5mTPM46XMaX1L0waWU6DXJpBgjaL7+yX6VriVPbN4w==,
      }
    engines: { node: ">=12.0.0" }

  "@serialport/parser-ready@12.0.0":
    resolution:
      {
        integrity: sha512-ygDwj3O4SDpZlbrRUraoXIoIqb8sM7aMKryGjYTIF0JRnKeB1ys8+wIp0RFMdFbO62YriUDextHB5Um5cKFSWg==,
      }
    engines: { node: ">=12.0.0" }

  "@serialport/parser-regex@12.0.0":
    resolution:
      {
        integrity: sha512-dCAVh4P/pZrLcPv9NJ2mvPRBg64L5jXuiRxIlyxxdZGH4WubwXVXY/kBTihQmiAMPxbT3yshSX8f2+feqWsxqA==,
      }
    engines: { node: ">=12.0.0" }

  "@serialport/parser-slip-encoder@12.0.0":
    resolution:
      {
        integrity: sha512-0APxDGR9YvJXTRfY+uRGhzOhTpU5akSH183RUcwzN7QXh8/1jwFsFLCu0grmAUfi+fItCkR+Xr1TcNJLR13VNA==,
      }
    engines: { node: ">=12.0.0" }

  "@serialport/parser-spacepacket@12.0.0":
    resolution:
      {
        integrity: sha512-dozONxhPC/78pntuxpz/NOtVps8qIc/UZzdc/LuPvVsqCoJXiRxOg6ZtCP/W58iibJDKPZPAWPGYeZt9DJxI+Q==,
      }
    engines: { node: ">=12.0.0" }

  "@serialport/stream@12.0.0":
    resolution:
      {
        integrity: sha512-9On64rhzuqKdOQyiYLYv2lQOh3TZU/D3+IWCR5gk0alPel2nwpp4YwDEGiUBfrQZEdQ6xww0PWkzqth4wqwX3Q==,
      }
    engines: { node: ">=12.0.0" }

  "@types/node@20.19.37":
    resolution:
      {
        integrity: sha512-8kzdPJ3FsNsVIurqBs7oodNnCEVbni9yUEkaHbgptDACOPW04jimGagZ51E6+lXUwJjgnBw+hyko/lkFWCldqw==,
      }

  debug@4.3.4:
    resolution:
      {
        integrity: sha512-PRWFHuSU3eDtQJPvnNY7Jcket1j0t5OuOsFzPPzsekD52Zl8qUfFIPEiswXqIvHWGVHOgX+7G/vCNNhehwxfkQ==,
      }
    engines: { node: ">=6.0" }
    peerDependencies:
      supports-color: "*"
    peerDependenciesMeta:
      supports-color:
        optional: true

  dotenv@16.6.1:
    resolution:
      {
        integrity: sha512-uBq4egWHTcTt33a72vpSG0z3HnPuIl6NqYcTrKEg2azoEyl2hpW0zqlxysq2pK9HlDIHyHyakeYaYnSAwd8bow==,
      }
    engines: { node: ">=12" }

  esbuild@0.27.3:
    resolution:
      {
        integrity: sha512-8VwMnyGCONIs6cWue2IdpHxHnAjzxnw2Zr7MkVxB2vjmQ2ivqGFb4LEG3SMnv0Gb2F/G/2yA8zUaiL1gywDCCg==,
      }
    engines: { node: ">=18" }
    hasBin: true

  fsevents@2.3.3:
    resolution:
      {
        integrity: sha512-5xoDfX+fL7faATnagmWPpbFtwh/R77WmMMqqHGS65C3vvB0YHrgF+B1YmZ3441tMj5n63k0212XNoJwzlhffQw==,
      }
    engines: { node: ^8.16.0 || ^10.6.0 || >=11.0.0 }
    os: [darwin]

  get-tsconfig@4.13.6:
    resolution:
      {
        integrity: sha512-shZT/QMiSHc/YBLxxOkMtgSid5HFoauqCE3/exfsEcwg1WkeqjG+V40yBbBrsD+jW2HDXcs28xOfcbm2jI8Ddw==,
      }

  gql.tada@1.9.0:
    resolution:
      {
        integrity: sha512-1LMiA46dRs5oF7Qev6vMU32gmiNvM3+3nHoQZA9K9j2xQzH8xOAWnnJrLSbZOFHTSdFxqn86TL6beo1/7ja/aA==,
      }
    hasBin: true
    peerDependencies:
      typescript: ^5.0.0

  graphql@16.13.1:
    resolution:
      {
        integrity: sha512-gGgrVCoDKlIZ8fIqXBBb0pPKqDgki0Z/FSKNiQzSGj2uEYHr1tq5wmBegGwJx6QB5S5cM0khSBpi/JFHMCvsmQ==,
      }
    engines: { node: ^12.22.0 || ^14.16.0 || ^16.0.0 || >=17.0.0 }

  ms@2.1.2:
    resolution:
      {
        integrity: sha512-sGkPx+VjMtmA6MX27oA4FBFELFCZZ4S4XqeGOXCv68tT+jb3vk/RyaKWP0PTKyWtmLSM0b+adUTEvbs1PEaH2w==,
      }

  node-addon-api@7.0.0:
    resolution:
      {
        integrity: sha512-vgbBJTS4m5/KkE16t5Ly0WW9hz46swAstv0hYYwMtbG7AznRhNyfLRe8HZAiWIpcHzoO7HxhLuBQj9rJ/Ho0ZA==,
      }

  node-gyp-build@4.6.0:
    resolution:
      {
        integrity: sha512-NTZVKn9IylLwUzaKjkas1e4u2DLNcV4rdYagA4PWdPwW87Bi7z+BznyKSRwS/761tV/lzCGXplWsiaMjLqP2zQ==,
      }
    hasBin: true

  poseidon-lite@0.2.1:
    resolution:
      {
        integrity: sha512-xIr+G6HeYfOhCuswdqcFpSX47SPhm0EpisWJ6h7fHlWwaVIvH3dLnejpatrtw6Xc6HaLrpq05y7VRfvDmDGIog==,
      }

  resolve-pkg-maps@1.0.0:
    resolution:
      {
        integrity: sha512-seS2Tj26TBVOC2NIc2rOe2y2ZO7efxITtLZcGSOnHHNOQ7CkiUBfw0Iw2ck6xkIhPwLhKNLS8BO+hEpngQlqzw==,
      }

  serialport@12.0.0:
    resolution:
      {
        integrity: sha512-AmH3D9hHPFmnF/oq/rvigfiAouAKyK/TjnrkwZRYSFZxNggJxwvbAbfYrLeuvq7ktUdhuHdVdSjj852Z55R+uA==,
      }
    engines: { node: ">=16.0.0" }

  tsx@4.21.0:
    resolution:
      {
        integrity: sha512-5C1sg4USs1lfG0GFb2RLXsdpXqBSEhAaA/0kPL01wxzpMqLILNxIxIOKiILz+cdg/pLnOUxFYOR5yhHU666wbw==,
      }
    engines: { node: ">=18.0.0" }
    hasBin: true

  typescript@5.9.3:
    resolution:
      {
        integrity: sha512-jl1vZzPDinLr9eUt3J/t7V6FgNEw9QjvBPdysz9KfQDD41fQrC2Y4vKQdiaUpFT4bXlb1RHhLpp8wtm6M5TgSw==,
      }
    engines: { node: ">=14.17" }
    hasBin: true

  undici-types@6.21.0:
    resolution:
      {
        integrity: sha512-iwDZqg0QAGrg9Rav5H4n0M64c3mkR59cJ6wQp+7C4nI0gsmExaedaYLNO44eT4AtBBwjbTiGPMlt2Md0T9H9JQ==,
      }

  valibot@1.2.0:
    resolution:
      {
        integrity: sha512-mm1rxUsmOxzrwnX5arGS+U4T25RdvpPjPN4yR0u9pUBov9+zGVtO84tif1eY4r6zWxVxu3KzIyknJy3rxfRZZg==,
      }
    peerDependencies:
      typescript: ">=5"
    peerDependenciesMeta:
      typescript:
        optional: true

snapshots:
  "@0no-co/graphql.web@1.2.0(graphql@16.13.1)":
    optionalDependencies:
      graphql: 16.13.1

  "@0no-co/graphqlsp@1.15.2(graphql@16.13.1)(typescript@5.9.3)":
    dependencies:
      "@gql.tada/internal": 1.0.8(graphql@16.13.1)(typescript@5.9.3)
      graphql: 16.13.1
      typescript: 5.9.3

  "@esbuild/aix-ppc64@0.27.3":
    optional: true

  "@esbuild/android-arm64@0.27.3":
    optional: true

  "@esbuild/android-arm@0.27.3":
    optional: true

  "@esbuild/android-x64@0.27.3":
    optional: true

  "@esbuild/darwin-arm64@0.27.3":
    optional: true

  "@esbuild/darwin-x64@0.27.3":
    optional: true

  "@esbuild/freebsd-arm64@0.27.3":
    optional: true

  "@esbuild/freebsd-x64@0.27.3":
    optional: true

  "@esbuild/linux-arm64@0.27.3":
    optional: true

  "@esbuild/linux-arm@0.27.3":
    optional: true

  "@esbuild/linux-ia32@0.27.3":
    optional: true

  "@esbuild/linux-loong64@0.27.3":
    optional: true

  "@esbuild/linux-mips64el@0.27.3":
    optional: true

  "@esbuild/linux-ppc64@0.27.3":
    optional: true

  "@esbuild/linux-riscv64@0.27.3":
    optional: true

  "@esbuild/linux-s390x@0.27.3":
    optional: true

  "@esbuild/linux-x64@0.27.3":
    optional: true

  "@esbuild/netbsd-arm64@0.27.3":
    optional: true

  "@esbuild/netbsd-x64@0.27.3":
    optional: true

  "@esbuild/openbsd-arm64@0.27.3":
    optional: true

  "@esbuild/openbsd-x64@0.27.3":
    optional: true

  "@esbuild/openharmony-arm64@0.27.3":
    optional: true

  "@esbuild/sunos-x64@0.27.3":
    optional: true

  "@esbuild/win32-arm64@0.27.3":
    optional: true

  "@esbuild/win32-ia32@0.27.3":
    optional: true

  "@esbuild/win32-x64@0.27.3":
    optional: true

  "@gql.tada/cli-utils@1.7.2(@0no-co/graphqlsp@1.15.2(graphql@16.13.1)(typescript@5.9.3))(graphql@16.13.1)(typescript@5.9.3)":
    dependencies:
      "@0no-co/graphqlsp": 1.15.2(graphql@16.13.1)(typescript@5.9.3)
      "@gql.tada/internal": 1.0.8(graphql@16.13.1)(typescript@5.9.3)
      graphql: 16.13.1
      typescript: 5.9.3

  "@gql.tada/internal@1.0.8(graphql@16.13.1)(typescript@5.9.3)":
    dependencies:
      "@0no-co/graphql.web": 1.2.0(graphql@16.13.1)
      graphql: 16.13.1
      typescript: 5.9.3

  "@graphql-typed-document-node/core@3.2.0(graphql@16.13.1)":
    dependencies:
      graphql: 16.13.1

  "@mysten/bcs@2.0.2":
    dependencies:
      "@mysten/utils": 0.3.1
      "@scure/base": 2.0.0

  "@mysten/sui@2.6.0(typescript@5.9.3)":
    dependencies:
      "@graphql-typed-document-node/core": 3.2.0(graphql@16.13.1)
      "@mysten/bcs": 2.0.2
      "@mysten/utils": 0.3.1
      "@noble/curves": 2.0.1
      "@noble/hashes": 2.0.1
      "@protobuf-ts/grpcweb-transport": 2.11.1
      "@protobuf-ts/runtime": 2.11.1
      "@protobuf-ts/runtime-rpc": 2.11.1
      "@scure/base": 2.0.0
      "@scure/bip32": 2.0.1
      "@scure/bip39": 2.0.1
      gql.tada: 1.9.0(graphql@16.13.1)(typescript@5.9.3)
      graphql: 16.13.1
      poseidon-lite: 0.2.1
      valibot: 1.2.0(typescript@5.9.3)
    transitivePeerDependencies:
      - "@gql.tada/svelte-support"
      - "@gql.tada/vue-support"
      - typescript

  "@mysten/utils@0.3.1":
    dependencies:
      "@scure/base": 2.0.0

  "@noble/curves@2.0.1":
    dependencies:
      "@noble/hashes": 2.0.1

  "@noble/hashes@2.0.1": {}

  "@protobuf-ts/grpcweb-transport@2.11.1":
    dependencies:
      "@protobuf-ts/runtime": 2.11.1
      "@protobuf-ts/runtime-rpc": 2.11.1

  "@protobuf-ts/runtime-rpc@2.11.1":
    dependencies:
      "@protobuf-ts/runtime": 2.11.1

  "@protobuf-ts/runtime@2.11.1": {}

  "@scure/base@2.0.0": {}

  "@scure/bip32@2.0.1":
    dependencies:
      "@noble/curves": 2.0.1
      "@noble/hashes": 2.0.1
      "@scure/base": 2.0.0

  "@scure/bip39@2.0.1":
    dependencies:
      "@noble/hashes": 2.0.1
      "@scure/base": 2.0.0

  "@serialport/binding-mock@10.2.2":
    dependencies:
      "@serialport/bindings-interface": 1.2.2
      debug: 4.3.4
    transitivePeerDependencies:
      - supports-color

  "@serialport/bindings-cpp@12.0.1":
    dependencies:
      "@serialport/bindings-interface": 1.2.2
      "@serialport/parser-readline": 11.0.0
      debug: 4.3.4
      node-addon-api: 7.0.0
      node-gyp-build: 4.6.0
    transitivePeerDependencies:
      - supports-color

  "@serialport/bindings-interface@1.2.2": {}

  "@serialport/parser-byte-length@12.0.0": {}

  "@serialport/parser-cctalk@12.0.0": {}

  "@serialport/parser-delimiter@11.0.0": {}

  "@serialport/parser-delimiter@12.0.0": {}

  "@serialport/parser-inter-byte-timeout@12.0.0": {}

  "@serialport/parser-packet-length@12.0.0": {}

  "@serialport/parser-readline@11.0.0":
    dependencies:
      "@serialport/parser-delimiter": 11.0.0

  "@serialport/parser-readline@12.0.0":
    dependencies:
      "@serialport/parser-delimiter": 12.0.0

  "@serialport/parser-ready@12.0.0": {}

  "@serialport/parser-regex@12.0.0": {}

  "@serialport/parser-slip-encoder@12.0.0": {}

  "@serialport/parser-spacepacket@12.0.0": {}

  "@serialport/stream@12.0.0":
    dependencies:
      "@serialport/bindings-interface": 1.2.2
      debug: 4.3.4
    transitivePeerDependencies:
      - supports-color

  "@types/node@20.19.37":
    dependencies:
      undici-types: 6.21.0

  debug@4.3.4:
    dependencies:
      ms: 2.1.2

  dotenv@16.6.1: {}

  esbuild@0.27.3:
    optionalDependencies:
      "@esbuild/aix-ppc64": 0.27.3
      "@esbuild/android-arm": 0.27.3
      "@esbuild/android-arm64": 0.27.3
      "@esbuild/android-x64": 0.27.3
      "@esbuild/darwin-arm64": 0.27.3
      "@esbuild/darwin-x64": 0.27.3
      "@esbuild/freebsd-arm64": 0.27.3
      "@esbuild/freebsd-x64": 0.27.3
      "@esbuild/linux-arm": 0.27.3
      "@esbuild/linux-arm64": 0.27.3
      "@esbuild/linux-ia32": 0.27.3
      "@esbuild/linux-loong64": 0.27.3
      "@esbuild/linux-mips64el": 0.27.3
      "@esbuild/linux-ppc64": 0.27.3
      "@esbuild/linux-riscv64": 0.27.3
      "@esbuild/linux-s390x": 0.27.3
      "@esbuild/linux-x64": 0.27.3
      "@esbuild/netbsd-arm64": 0.27.3
      "@esbuild/netbsd-x64": 0.27.3
      "@esbuild/openbsd-arm64": 0.27.3
      "@esbuild/openbsd-x64": 0.27.3
      "@esbuild/openharmony-arm64": 0.27.3
      "@esbuild/sunos-x64": 0.27.3
      "@esbuild/win32-arm64": 0.27.3
      "@esbuild/win32-ia32": 0.27.3
      "@esbuild/win32-x64": 0.27.3

  fsevents@2.3.3:
    optional: true

  get-tsconfig@4.13.6:
    dependencies:
      resolve-pkg-maps: 1.0.0

  gql.tada@1.9.0(graphql@16.13.1)(typescript@5.9.3):
    dependencies:
      "@0no-co/graphql.web": 1.2.0(graphql@16.13.1)
      "@0no-co/graphqlsp": 1.15.2(graphql@16.13.1)(typescript@5.9.3)
      "@gql.tada/cli-utils": 1.7.2(@0no-co/graphqlsp@1.15.2(graphql@16.13.1)(typescript@5.9.3))(graphql@16.13.1)(typescript@5.9.3)
      "@gql.tada/internal": 1.0.8(graphql@16.13.1)(typescript@5.9.3)
      typescript: 5.9.3
    transitivePeerDependencies:
      - "@gql.tada/svelte-support"
      - "@gql.tada/vue-support"
      - graphql

  graphql@16.13.1: {}

  ms@2.1.2: {}

  node-addon-api@7.0.0: {}

  node-gyp-build@4.6.0: {}

  poseidon-lite@0.2.1: {}

  resolve-pkg-maps@1.0.0: {}

  serialport@12.0.0:
    dependencies:
      "@serialport/binding-mock": 10.2.2
      "@serialport/bindings-cpp": 12.0.1
      "@serialport/parser-byte-length": 12.0.0
      "@serialport/parser-cctalk": 12.0.0
      "@serialport/parser-delimiter": 12.0.0
      "@serialport/parser-inter-byte-timeout": 12.0.0
      "@serialport/parser-packet-length": 12.0.0
      "@serialport/parser-readline": 12.0.0
      "@serialport/parser-ready": 12.0.0
      "@serialport/parser-regex": 12.0.0
      "@serialport/parser-slip-encoder": 12.0.0
      "@serialport/parser-spacepacket": 12.0.0
      "@serialport/stream": 12.0.0
      debug: 4.3.4
    transitivePeerDependencies:
      - supports-color

  tsx@4.21.0:
    dependencies:
      esbuild: 0.27.3
      get-tsconfig: 4.13.6
    optionalDependencies:
      fsevents: 2.3.3

  typescript@5.9.3: {}

  undici-types@6.21.0: {}

  valibot@1.2.0(typescript@5.9.3):
    optionalDependencies:
      typescript: 5.9.3
